
Microsoft Visual Studio Solution File, Format Version 12.00
# Visual Studio 15
VisualStudioVersion = 15.0.28010.2003
MinimumVisualStudioVersion = 10.0.40219.1
Project("{FAE04EC0-301F-11D3-BF4B-00C04F79EFBC}") = "RebisCrawler", "RebisCrawler\RebisCrawler.csproj", "{9D5E29C7-6BFE-45DC-87F7-8182790294ED}"
EndProject
Global
	GlobalSection(SolutionConfigurationPlatforms) = preSolution
		Debug|Any CPU = Debug|Any CPU
		Release|Any CPU = Release|Any CPU
	EndGlobalSection
	GlobalSection(ProjectConfigurationPlatforms) = postSolution
		{9D5E29C7-6BFE-45DC-87F7-8182790294ED}.Debug|Any CPU.ActiveCfg = Debug|Any CPU
		{9D5E29C7-6BFE-45DC-87F7-8182790294ED}.Debug|Any CPU.Build.0 = Debug|Any CPU
		{9D5E29C7-6BFE-45DC-87F7-8182790294ED}.Release|Any CPU.ActiveCfg = Release|Any CPU
		{9D5E29C7-6BFE-45DC-87F7-8182790294ED}.Release|Any CPU.Build.0 = Release|Any CPU
	EndGlobalSection
	GlobalSection(SolutionProperties) = preSolution
		HideSolutionNode = FALSE
	EndGlobalSection
	GlobalSection(ExtensibilityGlobals) = postSolution
		SolutionGuid = {379EE3BC-A2F4-4D89-B09E-A6F321323669}
	EndGlobalSection
EndGlobal
